// !$*UTF8*$!
{
	archiveVersion = 1;
	classes = {
	};
	objectVersion = 51;
	objects = {

/* Begin PBXBuildFile section */
		6A00BAB2244839C400C633B0 /* TweetTableViewCell.swift in Sources */ = {isa = PBXBuildFile; fileRef = 6A00BAB1244839C400C633B0 /* TweetTableViewCell.swift */; };
		6A00BAB42448571E00C633B0 /* SingleTweetController.swift in Sources */ = {isa = PBXBuildFile; fileRef = 6A00BAB32448571E00C633B0 /* SingleTweetController.swift */; };
		6A00BAB62448604900C633B0 /* Auth.swift in Sources */ = {isa = PBXBuildFile; fileRef = 6A00BAB52448604900C633B0 /* Auth.swift */; };
		6A00BAB82448606800C633B0 /* APIfetch.swift in Sources */ = {isa = PBXBuildFile; fileRef = 6A00BAB72448606800C633B0 /* APIfetch.swift */; };
		6A2D8CEA244CD0A300270DD6 /* EndPoint.swift in Sources */ = {isa = PBXBuildFile; fileRef = 6A2D8CE9244CD0A300270DD6 /* EndPoint.swift */; };
		6A2D8CEC244D5D3300270DD6 /* NetworkService.swift in Sources */ = {isa = PBXBuildFile; fileRef = 6A2D8CEB244D5D3300270DD6 /* NetworkService.swift */; };
		6A2D8CEE244D657D00270DD6 /* TwitterApi.swift in Sources */ = {isa = PBXBuildFile; fileRef = 6A2D8CED244D657D00270DD6 /* TwitterApi.swift */; };
		6A2D8CF6244D74CE00270DD6 /* Account.swift in Sources */ = {isa = PBXBuildFile; fileRef = 6A2D8CF5244D74CE00270DD6 /* Account.swift */; };
		6A2D8CF8244D7B8700270DD6 /* MessageList.swift in Sources */ = {isa = PBXBuildFile; fileRef = 6A2D8CF7244D7B8700270DD6 /* MessageList.swift */; };
		6A2D8CFA244D7CA200270DD6 /* DirectMessage.swift in Sources */ = {isa = PBXBuildFile; fileRef = 6A2D8CF9244D7CA200270DD6 /* DirectMessage.swift */; };
		6A2D8CFC244D86F100270DD6 /* Account.storyboard in Resources */ = {isa = PBXBuildFile; fileRef = 6A2D8CFB244D86F100270DD6 /* Account.storyboard */; };
		6A2D8CFE244D871C00270DD6 /* AccountViewController.swift in Sources */ = {isa = PBXBuildFile; fileRef = 6A2D8CFD244D871C00270DD6 /* AccountViewController.swift */; };
		6A3157062447173400DD4E75 /* TweetQuery.swift in Sources */ = {isa = PBXBuildFile; fileRef = 6A3157042446F89C00DD4E75 /* TweetQuery.swift */; };
		6A3157122447830F00DD4E75 /* TweetTableViewController.swift in Sources */ = {isa = PBXBuildFile; fileRef = 6A3157112447830F00DD4E75 /* TweetTableViewController.swift */; };
		6A3EC201243C656700D82314 /* AppDelegate.swift in Sources */ = {isa = PBXBuildFile; fileRef = 6A3EC200243C656700D82314 /* AppDelegate.swift */; };
		6A3EC203243C656700D82314 /* SceneDelegate.swift in Sources */ = {isa = PBXBuildFile; fileRef = 6A3EC202243C656700D82314 /* SceneDelegate.swift */; };
		6A3EC208243C656700D82314 /* Main.storyboard in Resources */ = {isa = PBXBuildFile; fileRef = 6A3EC206243C656700D82314 /* Main.storyboard */; };
		6A3EC20B243C656700D82314 /* geoTwitter.xcdatamodeld in Sources */ = {isa = PBXBuildFile; fileRef = 6A3EC209243C656700D82314 /* geoTwitter.xcdatamodeld */; };
		6A3EC20D243C656900D82314 /* Assets.xcassets in Resources */ = {isa = PBXBuildFile; fileRef = 6A3EC20C243C656900D82314 /* Assets.xcassets */; };
		6A3EC210243C656900D82314 /* LaunchScreen.storyboard in Resources */ = {isa = PBXBuildFile; fileRef = 6A3EC20E243C656900D82314 /* LaunchScreen.storyboard */; };
		6A3EC21B243C656900D82314 /* geoTwitterTests.swift in Sources */ = {isa = PBXBuildFile; fileRef = 6A3EC21A243C656900D82314 /* geoTwitterTests.swift */; };
		6A3EC226243C656900D82314 /* geoTwitterUITests.swift in Sources */ = {isa = PBXBuildFile; fileRef = 6A3EC225243C656900D82314 /* geoTwitterUITests.swift */; };
		6A9A97AB2445D2FA00122F12 /* TweetInfo.swift in Sources */ = {isa = PBXBuildFile; fileRef = 6A9A97AA2445D2FA00122F12 /* TweetInfo.swift */; };
		6ABBA6C62446F0E50013DC78 /* Keys.swift in Sources */ = {isa = PBXBuildFile; fileRef = 6ABBA6C52446F0E50013DC78 /* Keys.swift */; };
		DA2CFE757DA370E434042ABB /* Pods_geoTwitter.framework in Frameworks */ = {isa = PBXBuildFile; fileRef = AC732DF73955292D0F6131C4 /* Pods_geoTwitter.framework */; };
/* End PBXBuildFile section */

/* Begin PBXContainerItemProxy section */
		6A3EC217243C656900D82314 /* PBXContainerItemProxy */ = {
			isa = PBXContainerItemProxy;
			containerPortal = 6A3EC1F5243C656700D82314 /* Project object */;
			proxyType = 1;
			remoteGlobalIDString = 6A3EC1FC243C656700D82314;
			remoteInfo = geoTwitter;
		};
		6A3EC222243C656900D82314 /* PBXContainerItemProxy */ = {
			isa = PBXContainerItemProxy;
			containerPortal = 6A3EC1F5243C656700D82314 /* Project object */;
			proxyType = 1;
			remoteGlobalIDString = 6A3EC1FC243C656700D82314;
			remoteInfo = geoTwitter;
		};
/* End PBXContainerItemProxy section */

/* Begin PBXFileReference section */
		6A00BAB1244839C400C633B0 /* TweetTableViewCell.swift */ = {isa = PBXFileReference; lastKnownFileType = sourcecode.swift; path = TweetTableViewCell.swift; sourceTree = "<group>"; };
		6A00BAB32448571E00C633B0 /* SingleTweetController.swift */ = {isa = PBXFileReference; lastKnownFileType = sourcecode.swift; path = SingleTweetController.swift; sourceTree = "<group>"; };
		6A00BAB52448604900C633B0 /* Auth.swift */ = {isa = PBXFileReference; lastKnownFileType = sourcecode.swift; path = Auth.swift; sourceTree = "<group>"; };
		6A00BAB72448606800C633B0 /* APIfetch.swift */ = {isa = PBXFileReference; lastKnownFileType = sourcecode.swift; path = APIfetch.swift; sourceTree = "<group>"; };
		6A2D8CE9244CD0A300270DD6 /* EndPoint.swift */ = {isa = PBXFileReference; lastKnownFileType = sourcecode.swift; path = EndPoint.swift; sourceTree = "<group>"; };
		6A2D8CEB244D5D3300270DD6 /* NetworkService.swift */ = {isa = PBXFileReference; lastKnownFileType = sourcecode.swift; path = NetworkService.swift; sourceTree = "<group>"; };
		6A2D8CED244D657D00270DD6 /* TwitterApi.swift */ = {isa = PBXFileReference; lastKnownFileType = sourcecode.swift; path = TwitterApi.swift; sourceTree = "<group>"; };
		6A2D8CF5244D74CE00270DD6 /* Account.swift */ = {isa = PBXFileReference; lastKnownFileType = sourcecode.swift; path = Account.swift; sourceTree = "<group>"; };
		6A2D8CF7244D7B8700270DD6 /* MessageList.swift */ = {isa = PBXFileReference; lastKnownFileType = sourcecode.swift; path = MessageList.swift; sourceTree = "<group>"; };
		6A2D8CF9244D7CA200270DD6 /* DirectMessage.swift */ = {isa = PBXFileReference; lastKnownFileType = sourcecode.swift; path = DirectMessage.swift; sourceTree = "<group>"; };
		6A2D8CFB244D86F100270DD6 /* Account.storyboard */ = {isa = PBXFileReference; lastKnownFileType = file.storyboard; path = Account.storyboard; sourceTree = "<group>"; };
		6A2D8CFD244D871C00270DD6 /* AccountViewController.swift */ = {isa = PBXFileReference; lastKnownFileType = sourcecode.swift; path = AccountViewController.swift; sourceTree = "<group>"; };
		6A3157042446F89C00DD4E75 /* TweetQuery.swift */ = {isa = PBXFileReference; lastKnownFileType = sourcecode.swift; path = TweetQuery.swift; sourceTree = "<group>"; };
		6A3157112447830F00DD4E75 /* TweetTableViewController.swift */ = {isa = PBXFileReference; lastKnownFileType = sourcecode.swift; path = TweetTableViewController.swift; sourceTree = "<group>"; };
		6A3EC1FD243C656700D82314 /* geoTwitter.app */ = {isa = PBXFileReference; explicitFileType = wrapper.application; includeInIndex = 0; path = geoTwitter.app; sourceTree = BUILT_PRODUCTS_DIR; };
		6A3EC200243C656700D82314 /* AppDelegate.swift */ = {isa = PBXFileReference; lastKnownFileType = sourcecode.swift; path = AppDelegate.swift; sourceTree = "<group>"; };
		6A3EC202243C656700D82314 /* SceneDelegate.swift */ = {isa = PBXFileReference; lastKnownFileType = sourcecode.swift; path = SceneDelegate.swift; sourceTree = "<group>"; };
		6A3EC207243C656700D82314 /* Base */ = {isa = PBXFileReference; lastKnownFileType = file.storyboard; name = Base; path = Base.lproj/Main.storyboard; sourceTree = "<group>"; };
		6A3EC20A243C656700D82314 /* geoTwitter.xcdatamodel */ = {isa = PBXFileReference; lastKnownFileType = wrapper.xcdatamodel; path = geoTwitter.xcdatamodel; sourceTree = "<group>"; };
		6A3EC20C243C656900D82314 /* Assets.xcassets */ = {isa = PBXFileReference; lastKnownFileType = folder.assetcatalog; path = Assets.xcassets; sourceTree = "<group>"; };
		6A3EC20F243C656900D82314 /* Base */ = {isa = PBXFileReference; lastKnownFileType = file.storyboard; name = Base; path = Base.lproj/LaunchScreen.storyboard; sourceTree = "<group>"; };
		6A3EC211243C656900D82314 /* Info.plist */ = {isa = PBXFileReference; lastKnownFileType = text.plist.xml; path = Info.plist; sourceTree = "<group>"; };
		6A3EC216243C656900D82314 /* geoTwitterTests.xctest */ = {isa = PBXFileReference; explicitFileType = wrapper.cfbundle; includeInIndex = 0; path = geoTwitterTests.xctest; sourceTree = BUILT_PRODUCTS_DIR; };
		6A3EC21A243C656900D82314 /* geoTwitterTests.swift */ = {isa = PBXFileReference; lastKnownFileType = sourcecode.swift; path = geoTwitterTests.swift; sourceTree = "<group>"; };
		6A3EC21C243C656900D82314 /* Info.plist */ = {isa = PBXFileReference; lastKnownFileType = text.plist.xml; path = Info.plist; sourceTree = "<group>"; };
		6A3EC221243C656900D82314 /* geoTwitterUITests.xctest */ = {isa = PBXFileReference; explicitFileType = wrapper.cfbundle; includeInIndex = 0; path = geoTwitterUITests.xctest; sourceTree = BUILT_PRODUCTS_DIR; };
		6A3EC225243C656900D82314 /* geoTwitterUITests.swift */ = {isa = PBXFileReference; lastKnownFileType = sourcecode.swift; path = geoTwitterUITests.swift; sourceTree = "<group>"; };
		6A3EC227243C656900D82314 /* Info.plist */ = {isa = PBXFileReference; lastKnownFileType = text.plist.xml; path = Info.plist; sourceTree = "<group>"; };
		6A9A97AA2445D2FA00122F12 /* TweetInfo.swift */ = {isa = PBXFileReference; lastKnownFileType = sourcecode.swift; path = TweetInfo.swift; sourceTree = "<group>"; };
		6ABBA6C52446F0E50013DC78 /* Keys.swift */ = {isa = PBXFileReference; fileEncoding = 4; lastKnownFileType = sourcecode.swift; name = Keys.swift; path = ../../Keys.swift; sourceTree = "<group>"; };
		9DBB6CE793D9345FC464FBE3 /* Pods-geoTwitter.release.xcconfig */ = {isa = PBXFileReference; includeInIndex = 1; lastKnownFileType = text.xcconfig; name = "Pods-geoTwitter.release.xcconfig"; path = "Target Support Files/Pods-geoTwitter/Pods-geoTwitter.release.xcconfig"; sourceTree = "<group>"; };
		AC732DF73955292D0F6131C4 /* Pods_geoTwitter.framework */ = {isa = PBXFileReference; explicitFileType = wrapper.framework; includeInIndex = 0; path = Pods_geoTwitter.framework; sourceTree = BUILT_PRODUCTS_DIR; };
		FFF9B8765AF3C52370F5EFDD /* Pods-geoTwitter.debug.xcconfig */ = {isa = PBXFileReference; includeInIndex = 1; lastKnownFileType = text.xcconfig; name = "Pods-geoTwitter.debug.xcconfig"; path = "Target Support Files/Pods-geoTwitter/Pods-geoTwitter.debug.xcconfig"; sourceTree = "<group>"; };
/* End PBXFileReference section */

/* Begin PBXFrameworksBuildPhase section */
		6A3EC1FA243C656700D82314 /* Frameworks */ = {
			isa = PBXFrameworksBuildPhase;
			buildActionMask = 2147483647;
			files = (
				DA2CFE757DA370E434042ABB /* Pods_geoTwitter.framework in Frameworks */,
			);
			runOnlyForDeploymentPostprocessing = 0;
		};
		6A3EC213243C656900D82314 /* Frameworks */ = {
			isa = PBXFrameworksBuildPhase;
			buildActionMask = 2147483647;
			files = (
			);
			runOnlyForDeploymentPostprocessing = 0;
		};
		6A3EC21E243C656900D82314 /* Frameworks */ = {
			isa = PBXFrameworksBuildPhase;
			buildActionMask = 2147483647;
			files = (
			);
			runOnlyForDeploymentPostprocessing = 0;
		};
/* End PBXFrameworksBuildPhase section */

/* Begin PBXGroup section */
		4B513F977ACFCB5F3E0FC4C0 /* Pods */ = {
			isa = PBXGroup;
			children = (
				FFF9B8765AF3C52370F5EFDD /* Pods-geoTwitter.debug.xcconfig */,
				9DBB6CE793D9345FC464FBE3 /* Pods-geoTwitter.release.xcconfig */,
			);
			path = Pods;
			sourceTree = "<group>";
		};
		528493DFCBE807434A8EC8CF /* Frameworks */ = {
			isa = PBXGroup;
			children = (
				AC732DF73955292D0F6131C4 /* Pods_geoTwitter.framework */,
			);
			name = Frameworks;
			sourceTree = "<group>";
		};
		6A31571C2448252D00DD4E75 /* Assets */ = {
			isa = PBXGroup;
			children = (
				6A3EC20C243C656900D82314 /* Assets.xcassets */,
				6A3EC20E243C656900D82314 /* LaunchScreen.storyboard */,
				6A3EC206243C656700D82314 /* Main.storyboard */,
				6A2D8CFB244D86F100270DD6 /* Account.storyboard */,
			);
			path = Assets;
			sourceTree = "<group>";
		};
		6A3EC1F4243C656700D82314 = {
			isa = PBXGroup;
			children = (
				6ABBA6C52446F0E50013DC78 /* Keys.swift */,
				6A3EC1FF243C656700D82314 /* geoTwitter */,
				6A3EC219243C656900D82314 /* geoTwitterTests */,
				6A3EC224243C656900D82314 /* geoTwitterUITests */,
				6A3EC1FE243C656700D82314 /* Products */,
				4B513F977ACFCB5F3E0FC4C0 /* Pods */,
				528493DFCBE807434A8EC8CF /* Frameworks */,
			);
			sourceTree = "<group>";
		};
		6A3EC1FE243C656700D82314 /* Products */ = {
			isa = PBXGroup;
			children = (
				6A3EC1FD243C656700D82314 /* geoTwitter.app */,
				6A3EC216243C656900D82314 /* geoTwitterTests.xctest */,
				6A3EC221243C656900D82314 /* geoTwitterUITests.xctest */,
			);
			name = Products;
			sourceTree = "<group>";
		};
		6A3EC1FF243C656700D82314 /* geoTwitter */ = {
			isa = PBXGroup;
			children = (
				6A31571C2448252D00DD4E75 /* Assets */,
				6A3EC235243C6D5D00D82314 /* Api */,
				6A3EC234243C6D5100D82314 /* Controllers */,
				6A3EC233243C6D4600D82314 /* Models */,
				6A3EC200243C656700D82314 /* AppDelegate.swift */,
				6A3EC202243C656700D82314 /* SceneDelegate.swift */,
				6A3EC211243C656900D82314 /* Info.plist */,
				6A3EC209243C656700D82314 /* geoTwitter.xcdatamodeld */,
			);
			path = geoTwitter;
			sourceTree = "<group>";
		};
		6A3EC219243C656900D82314 /* geoTwitterTests */ = {
			isa = PBXGroup;
			children = (
				6A3EC21A243C656900D82314 /* geoTwitterTests.swift */,
				6A3EC21C243C656900D82314 /* Info.plist */,
			);
			path = geoTwitterTests;
			sourceTree = "<group>";
		};
		6A3EC224243C656900D82314 /* geoTwitterUITests */ = {
			isa = PBXGroup;
			children = (
				6A3EC225243C656900D82314 /* geoTwitterUITests.swift */,
				6A3EC227243C656900D82314 /* Info.plist */,
			);
			path = geoTwitterUITests;
			sourceTree = "<group>";
		};
		6A3EC233243C6D4600D82314 /* Models */ = {
			isa = PBXGroup;
			children = (
				6A9A97AA2445D2FA00122F12 /* TweetInfo.swift */,
				6A3157042446F89C00DD4E75 /* TweetQuery.swift */,
				6A2D8CF5244D74CE00270DD6 /* Account.swift */,
				6A2D8CF7244D7B8700270DD6 /* MessageList.swift */,
				6A2D8CF9244D7CA200270DD6 /* DirectMessage.swift */,
			);
			path = Models;
			sourceTree = "<group>";
		};
		6A3EC234243C6D5100D82314 /* Controllers */ = {
			isa = PBXGroup;
			children = (
				6A3157112447830F00DD4E75 /* TweetTableViewController.swift */,
				6A00BAB1244839C400C633B0 /* TweetTableViewCell.swift */,
				6A00BAB32448571E00C633B0 /* SingleTweetController.swift */,
				6A2D8CFD244D871C00270DD6 /* AccountViewController.swift */,
			);
			path = Controllers;
			sourceTree = "<group>";
		};
		6A3EC235243C6D5D00D82314 /* Api */ = {
			isa = PBXGroup;
			children = (
				6A00BAB52448604900C633B0 /* Auth.swift */,
				6A00BAB72448606800C633B0 /* APIfetch.swift */,
				6A2D8CE9244CD0A300270DD6 /* EndPoint.swift */,
				6A2D8CEB244D5D3300270DD6 /* NetworkService.swift */,
				6A2D8CED244D657D00270DD6 /* TwitterApi.swift */,
			);
			path = Api;
			sourceTree = "<group>";
		};
/* End PBXGroup section */

/* Begin PBXNativeTarget section */
		6A3EC1FC243C656700D82314 /* geoTwitter */ = {
			isa = PBXNativeTarget;
			buildConfigurationList = 6A3EC22A243C656900D82314 /* Build configuration list for PBXNativeTarget "geoTwitter" */;
			buildPhases = (
				9D84F98FB72E9F45547C8143 /* [CP] Check Pods Manifest.lock */,
				6A3EC1F9243C656700D82314 /* Sources */,
				6A3EC1FA243C656700D82314 /* Frameworks */,
				6A3EC1FB243C656700D82314 /* Resources */,
				B8EF703731549DB561935E5C /* [CP] Embed Pods Frameworks */,
			);
			buildRules = (
			);
			dependencies = (
			);
			name = geoTwitter;
			productName = geoTwitter;
			productReference = 6A3EC1FD243C656700D82314 /* geoTwitter.app */;
			productType = "com.apple.product-type.application";
		};
		6A3EC215243C656900D82314 /* geoTwitterTests */ = {
			isa = PBXNativeTarget;
			buildConfigurationList = 6A3EC22D243C656900D82314 /* Build configuration list for PBXNativeTarget "geoTwitterTests" */;
			buildPhases = (
				6A3EC212243C656900D82314 /* Sources */,
				6A3EC213243C656900D82314 /* Frameworks */,
				6A3EC214243C656900D82314 /* Resources */,
			);
			buildRules = (
			);
			dependencies = (
				6A3EC218243C656900D82314 /* PBXTargetDependency */,
			);
			name = geoTwitterTests;
			productName = geoTwitterTests;
			productReference = 6A3EC216243C656900D82314 /* geoTwitterTests.xctest */;
			productType = "com.apple.product-type.bundle.unit-test";
		};
		6A3EC220243C656900D82314 /* geoTwitterUITests */ = {
			isa = PBXNativeTarget;
			buildConfigurationList = 6A3EC230243C656900D82314 /* Build configuration list for PBXNativeTarget "geoTwitterUITests" */;
			buildPhases = (
				6A3EC21D243C656900D82314 /* Sources */,
				6A3EC21E243C656900D82314 /* Frameworks */,
				6A3EC21F243C656900D82314 /* Resources */,
			);
			buildRules = (
			);
			dependencies = (
				6A3EC223243C656900D82314 /* PBXTargetDependency */,
			);
			name = geoTwitterUITests;
			productName = geoTwitterUITests;
			productReference = 6A3EC221243C656900D82314 /* geoTwitterUITests.xctest */;
			productType = "com.apple.product-type.bundle.ui-testing";
		};
/* End PBXNativeTarget section */

/* Begin PBXProject section */
		6A3EC1F5243C656700D82314 /* Project object */ = {
			isa = PBXProject;
			attributes = {
				LastSwiftUpdateCheck = 1130;
				LastUpgradeCheck = 1130;
				ORGANIZATIONNAME = enarm;
				TargetAttributes = {
					6A3EC1FC243C656700D82314 = {
						CreatedOnToolsVersion = 11.3;
					};
					6A3EC215243C656900D82314 = {
						CreatedOnToolsVersion = 11.3;
						TestTargetID = 6A3EC1FC243C656700D82314;
					};
					6A3EC220243C656900D82314 = {
						CreatedOnToolsVersion = 11.3;
						TestTargetID = 6A3EC1FC243C656700D82314;
					};
				};
			};
			buildConfigurationList = 6A3EC1F8243C656700D82314 /* Build configuration list for PBXProject "geoTwitter" */;
			compatibilityVersion = "Xcode 9.3";
			developmentRegion = en;
			hasScannedForEncodings = 0;
			knownRegions = (
				en,
				Base,
			);
			mainGroup = 6A3EC1F4243C656700D82314;
			productRefGroup = 6A3EC1FE243C656700D82314 /* Products */;
			projectDirPath = "";
			projectRoot = "";
			targets = (
				6A3EC1FC243C656700D82314 /* geoTwitter */,
				6A3EC215243C656900D82314 /* geoTwitterTests */,
				6A3EC220243C656900D82314 /* geoTwitterUITests */,
			);
		};
/* End PBXProject section */

/* Begin PBXResourcesBuildPhase section */
		6A3EC1FB243C656700D82314 /* Resources */ = {
			isa = PBXResourcesBuildPhase;
			buildActionMask = 2147483647;
			files = (
				6A3EC210243C656900D82314 /* LaunchScreen.storyboard in Resources */,
				6A3EC20D243C656900D82314 /* Assets.xcassets in Resources */,
				6A2D8CFC244D86F100270DD6 /* Account.storyboard in Resources */,
				6A3EC208243C656700D82314 /* Main.storyboard in Resources */,
			);
			runOnlyForDeploymentPostprocessing = 0;
		};
		6A3EC214243C656900D82314 /* Resources */ = {
			isa = PBXResourcesBuildPhase;
			buildActionMask = 2147483647;
			files = (
			);
			runOnlyForDeploymentPostprocessing = 0;
		};
		6A3EC21F243C656900D82314 /* Resources */ = {
			isa = PBXResourcesBuildPhase;
			buildActionMask = 2147483647;
			files = (
			);
			runOnlyForDeploymentPostprocessing = 0;
		};
/* End PBXResourcesBuildPhase section */

/* Begin PBXShellScriptBuildPhase section */
		9D84F98FB72E9F45547C8143 /* [CP] Check Pods Manifest.lock */ = {
			isa = PBXShellScriptBuildPhase;
			buildActionMask = 2147483647;
			files = (
			);
			inputFileListPaths = (
			);
			inputPaths = (
				"${PODS_PODFILE_DIR_PATH}/Podfile.lock",
				"${PODS_ROOT}/Manifest.lock",
			);
			name = "[CP] Check Pods Manifest.lock";
			outputFileListPaths = (
			);
			outputPaths = (
				"$(DERIVED_FILE_DIR)/Pods-geoTwitter-checkManifestLockResult.txt",
			);
			runOnlyForDeploymentPostprocessing = 0;
			shellPath = /bin/sh;
			shellScript = "diff \"${PODS_PODFILE_DIR_PATH}/Podfile.lock\" \"${PODS_ROOT}/Manifest.lock\" > /dev/null\nif [ $? != 0 ] ; then\n    # print error to STDERR\n    echo \"error: The sandbox is not in sync with the Podfile.lock. Run 'pod install' or update your CocoaPods installation.\" >&2\n    exit 1\nfi\n# This output is used by Xcode 'outputs' to avoid re-running this script phase.\necho \"SUCCESS\" > \"${SCRIPT_OUTPUT_FILE_0}\"\n";
			showEnvVarsInLog = 0;
		};
		B8EF703731549DB561935E5C /* [CP] Embed Pods Frameworks */ = {
			isa = PBXShellScriptBuildPhase;
			buildActionMask = 2147483647;
			files = (
			);
			inputFileListPaths = (
				"${PODS_ROOT}/Target Support Files/Pods-geoTwitter/Pods-geoTwitter-frameworks-${CONFIGURATION}-input-files.xcfilelist",
			);
			name = "[CP] Embed Pods Frameworks";
			outputFileListPaths = (
				"${PODS_ROOT}/Target Support Files/Pods-geoTwitter/Pods-geoTwitter-frameworks-${CONFIGURATION}-output-files.xcfilelist",
			);
			runOnlyForDeploymentPostprocessing = 0;
			shellPath = /bin/sh;
			shellScript = "\"${PODS_ROOT}/Target Support Files/Pods-geoTwitter/Pods-geoTwitter-frameworks.sh\"\n";
			showEnvVarsInLog = 0;
		};
/* End PBXShellScriptBuildPhase section */

/* Begin PBXSourcesBuildPhase section */
		6A3EC1F9243C656700D82314 /* Sources */ = {
			isa = PBXSourcesBuildPhase;
			buildActionMask = 2147483647;
			files = (
				6A3EC20B243C656700D82314 /* geoTwitter.xcdatamodeld in Sources */,
				6A3157062447173400DD4E75 /* TweetQuery.swift in Sources */,
				6A3EC201243C656700D82314 /* AppDelegate.swift in Sources */,
				6A3EC203243C656700D82314 /* SceneDelegate.swift in Sources */,
				6A2D8CFA244D7CA200270DD6 /* DirectMessage.swift in Sources */,
				6A2D8CEE244D657D00270DD6 /* TwitterApi.swift in Sources */,
				6A3157122447830F00DD4E75 /* TweetTableViewController.swift in Sources */,
				6A00BAB2244839C400C633B0 /* TweetTableViewCell.swift in Sources */,
				6A2D8CFE244D871C00270DD6 /* AccountViewController.swift in Sources */,
				6A2D8CEA244CD0A300270DD6 /* EndPoint.swift in Sources */,
				6A2D8CF6244D74CE00270DD6 /* Account.swift in Sources */,
				6ABBA6C62446F0E50013DC78 /* Keys.swift in Sources */,
				6A9A97AB2445D2FA00122F12 /* TweetInfo.swift in Sources */,
				6A00BAB82448606800C633B0 /* APIfetch.swift in Sources */,
				6A00BAB62448604900C633B0 /* Auth.swift in Sources */,
				6A2D8CF8244D7B8700270DD6 /* MessageList.swift in Sources */,
				6A2D8CEC244D5D3300270DD6 /* NetworkService.swift in Sources */,
				6A00BAB42448571E00C633B0 /* SingleTweetController.swift in Sources */,
			);
			runOnlyForDeploymentPostprocessing = 0;
		};
		6A3EC212243C656900D82314 /* Sources */ = {
			isa = PBXSourcesBuildPhase;
			buildActionMask = 2147483647;
			files = (
				6A3EC21B243C656900D82314 /* geoTwitterTests.swift in Sources */,
			);
			runOnlyForDeploymentPostprocessing = 0;
		};
		6A3EC21D243C656900D82314 /* Sources */ = {
			isa = PBXSourcesBuildPhase;
			buildActionMask = 2147483647;
			files = (
				6A3EC226243C656900D82314 /* geoTwitterUITests.swift in Sources */,
			);
			runOnlyForDeploymentPostprocessing = 0;
		};
/* End PBXSourcesBuildPhase section */

/* Begin PBXTargetDependency section */
		6A3EC218243C656900D82314 /* PBXTargetDependency */ = {
			isa = PBXTargetDependency;
			target = 6A3EC1FC243C656700D82314 /* geoTwitter */;
			targetProxy = 6A3EC217243C656900D82314 /* PBXContainerItemProxy */;
		};
		6A3EC223243C656900D82314 /* PBXTargetDependency */ = {
			isa = PBXTargetDependency;
			target = 6A3EC1FC243C656700D82314 /* geoTwitter */;
			targetProxy = 6A3EC222243C656900D82314 /* PBXContainerItemProxy */;
		};
/* End PBXTargetDependency section */

/* Begin PBXVariantGroup section */
		6A3EC206243C656700D82314 /* Main.storyboard */ = {
			isa = PBXVariantGroup;
			children = (
				6A3EC207243C656700D82314 /* Base */,
			);
			name = Main.storyboard;
			sourceTree = "<group>";
		};
		6A3EC20E243C656900D82314 /* LaunchScreen.storyboard */ = {
			isa = PBXVariantGroup;
			children = (
				6A3EC20F243C656900D82314 /* Base */,
			);
			name = LaunchScreen.storyboard;
			sourceTree = "<group>";
		};
/* End PBXVariantGroup section */

/* Begin XCBuildConfiguration section */
		6A3EC228243C656900D82314 /* Debug */ = {
			isa = XCBuildConfiguration;
			buildSettings = {
				ALWAYS_SEARCH_USER_PATHS = NO;
				CLANG_ANALYZER_NONNULL = YES;
				CLANG_ANALYZER_NUMBER_OBJECT_CONVERSION = YES_AGGRESSIVE;
				CLANG_CXX_LANGUAGE_STANDARD = "gnu++14";
				CLANG_CXX_LIBRARY = "libc++";
				CLANG_ENABLE_MODULES = YES;
				CLANG_ENABLE_OBJC_ARC = YES;
				CLANG_ENABLE_OBJC_WEAK = YES;
				CLANG_WARN_BLOCK_CAPTURE_AUTORELEASING = YES;
				CLANG_WARN_BOOL_CONVERSION = YES;
				CLANG_WARN_COMMA = YES;
				CLANG_WARN_CONSTANT_CONVERSION = YES;
				CLANG_WARN_DEPRECATED_OBJC_IMPLEMENTATIONS = YES;
				CLANG_WARN_DIRECT_OBJC_ISA_USAGE = YES_ERROR;
				CLANG_WARN_DOCUMENTATION_COMMENTS = YES;
				CLANG_WARN_EMPTY_BODY = YES;
				CLANG_WARN_ENUM_CONVERSION = YES;
				CLANG_WARN_INFINITE_RECURSION = YES;
				CLANG_WARN_INT_CONVERSION = YES;
				CLANG_WARN_NON_LITERAL_NULL_CONVERSION = YES;
				CLANG_WARN_OBJC_IMPLICIT_RETAIN_SELF = YES;
				CLANG_WARN_OBJC_LITERAL_CONVERSION = YES;
				CLANG_WARN_OBJC_ROOT_CLASS = YES_ERROR;
				CLANG_WARN_RANGE_LOOP_ANALYSIS = YES;
				CLANG_WARN_STRICT_PROTOTYPES = YES;
				CLANG_WARN_SUSPICIOUS_MOVE = YES;
				CLANG_WARN_UNGUARDED_AVAILABILITY = YES_AGGRESSIVE;
				CLANG_WARN_UNREACHABLE_CODE = YES;
				CLANG_WARN__DUPLICATE_METHOD_MATCH = YES;
				COPY_PHASE_STRIP = NO;
				DEBUG_INFORMATION_FORMAT = dwarf;
				ENABLE_STRICT_OBJC_MSGSEND = YES;
				ENABLE_TESTABILITY = YES;
				GCC_C_LANGUAGE_STANDARD = gnu11;
				GCC_DYNAMIC_NO_PIC = NO;
				GCC_NO_COMMON_BLOCKS = YES;
				GCC_OPTIMIZATION_LEVEL = 0;
				GCC_PREPROCESSOR_DEFINITIONS = (
					"DEBUG=1",
					"$(inherited)",
				);
				GCC_WARN_64_TO_32_BIT_CONVERSION = YES;
				GCC_WARN_ABOUT_RETURN_TYPE = YES_ERROR;
				GCC_WARN_UNDECLARED_SELECTOR = YES;
				GCC_WARN_UNINITIALIZED_AUTOS = YES_AGGRESSIVE;
				GCC_WARN_UNUSED_FUNCTION = YES;
				GCC_WARN_UNUSED_VARIABLE = YES;
				IPHONEOS_DEPLOYMENT_TARGET = 13.2;
				MTL_ENABLE_DEBUG_INFO = INCLUDE_SOURCE;
				MTL_FAST_MATH = YES;
				ONLY_ACTIVE_ARCH = YES;
				SDKROOT = iphoneos;
				SWIFT_ACTIVE_COMPILATION_CONDITIONS = DEBUG;
				SWIFT_OPTIMIZATION_LEVEL = "-Onone";
			};
			name = Debug;
		};
		6A3EC229243C656900D82314 /* Release */ = {
			isa = XCBuildConfiguration;
			buildSettings = {
				ALWAYS_SEARCH_USER_PATHS = NO;
				CLANG_ANALYZER_NONNULL = YES;
				CLANG_ANALYZER_NUMBER_OBJECT_CONVERSION = YES_AGGRESSIVE;
				CLANG_CXX_LANGUAGE_STANDARD = "gnu++14";
				CLANG_CXX_LIBRARY = "libc++";
				CLANG_ENABLE_MODULES = YES;
				CLANG_ENABLE_OBJC_ARC = YES;
				CLANG_ENABLE_OBJC_WEAK = YES;
				CLANG_WARN_BLOCK_CAPTURE_AUTORELEASING = YES;
				CLANG_WARN_BOOL_CONVERSION = YES;
				CLANG_WARN_COMMA = YES;
				CLANG_WARN_CONSTANT_CONVERSION = YES;
				CLANG_WARN_DEPRECATED_OBJC_IMPLEMENTATIONS = YES;
				CLANG_WARN_DIRECT_OBJC_ISA_USAGE = YES_ERROR;
				CLANG_WARN_DOCUMENTATION_COMMENTS = YES;
				CLANG_WARN_EMPTY_BODY = YES;
				CLANG_WARN_ENUM_CONVERSION = YES;
				CLANG_WARN_INFINITE_RECURSION = YES;
				CLANG_WARN_INT_CONVERSION = YES;
				CLANG_WARN_NON_LITERAL_NULL_CONVERSION = YES;
				CLANG_WARN_OBJC_IMPLICIT_RETAIN_SELF = YES;
				CLANG_WARN_OBJC_LITERAL_CONVERSION = YES;
				CLANG_WARN_OBJC_ROOT_CLASS = YES_ERROR;
				CLANG_WARN_RANGE_LOOP_ANALYSIS = YES;
				CLANG_WARN_STRICT_PROTOTYPES = YES;
				CLANG_WARN_SUSPICIOUS_MOVE = YES;
				CLANG_WARN_UNGUARDED_AVAILABILITY = YES_AGGRESSIVE;
				CLANG_WARN_UNREACHABLE_CODE = YES;
				CLANG_WARN__DUPLICATE_METHOD_MATCH = YES;
				COPY_PHASE_STRIP = NO;
				DEBUG_INFORMATION_FORMAT = "dwarf-with-dsym";
				ENABLE_NS_ASSERTIONS = NO;
				ENABLE_STRICT_OBJC_MSGSEND = YES;
				GCC_C_LANGUAGE_STANDARD = gnu11;
				GCC_NO_COMMON_BLOCKS = YES;
				GCC_WARN_64_TO_32_BIT_CONVERSION = YES;
				GCC_WARN_ABOUT_RETURN_TYPE = YES_ERROR;
				GCC_WARN_UNDECLARED_SELECTOR = YES;
				GCC_WARN_UNINITIALIZED_AUTOS = YES_AGGRESSIVE;
				GCC_WARN_UNUSED_FUNCTION = YES;
				GCC_WARN_UNUSED_VARIABLE = YES;
				IPHONEOS_DEPLOYMENT_TARGET = 13.2;
				MTL_ENABLE_DEBUG_INFO = NO;
				MTL_FAST_MATH = YES;
				SDKROOT = iphoneos;
				SWIFT_COMPILATION_MODE = wholemodule;
				SWIFT_OPTIMIZATION_LEVEL = "-O";
				VALIDATE_PRODUCT = YES;
			};
			name = Release;
		};
		6A3EC22B243C656900D82314 /* Debug */ = {
			isa = XCBuildConfiguration;
			baseConfigurationReference = FFF9B8765AF3C52370F5EFDD /* Pods-geoTwitter.debug.xcconfig */;
			buildSettings = {
				ASSETCATALOG_COMPILER_APPICON_NAME = AppIcon;
				CODE_SIGN_STYLE = Automatic;
				INFOPLIST_FILE = geoTwitter/Info.plist;
				LD_RUNPATH_SEARCH_PATHS = (
					"$(inherited)",
					"@executable_path/Frameworks",
				);
				PRODUCT_BUNDLE_IDENTIFIER = fi.metropolia.enarm.geoTwitter;
				PRODUCT_NAME = "$(TARGET_NAME)";
				SWIFT_VERSION = 5.0;
				TARGETED_DEVICE_FAMILY = "1,2";
			};
			name = Debug;
		};
		6A3EC22C243C656900D82314 /* Release */ = {
			isa = XCBuildConfiguration;
			baseConfigurationReference = 9DBB6CE793D9345FC464FBE3 /* Pods-geoTwitter.release.xcconfig */;
			buildSettings = {
				ASSETCATALOG_COMPILER_APPICON_NAME = AppIcon;
				CODE_SIGN_STYLE = Automatic;
				INFOPLIST_FILE = geoTwitter/Info.plist;
				LD_RUNPATH_SEARCH_PATHS = (
					"$(inherited)",
					"@executable_path/Frameworks",
				);
				PRODUCT_BUNDLE_IDENTIFIER = fi.metropolia.enarm.geoTwitter;
				PRODUCT_NAME = "$(TARGET_NAME)";
				SWIFT_VERSION = 5.0;
				TARGETED_DEVICE_FAMILY = "1,2";
			};
			name = Release;
		};
		6A3EC22E243C656900D82314 /* Debug */ = {
			isa = XCBuildConfiguration;
			buildSettings = {
				ALWAYS_EMBED_SWIFT_STANDARD_LIBRARIES = YES;
				BUNDLE_LOADER = "$(TEST_HOST)";
				CODE_SIGN_STYLE = Automatic;
				INFOPLIST_FILE = geoTwitterTests/Info.plist;
				IPHONEOS_DEPLOYMENT_TARGET = 13.2;
				LD_RUNPATH_SEARCH_PATHS = (
					"$(inherited)",
					"@executable_path/Frameworks",
					"@loader_path/Frameworks",
				);
				PRODUCT_BUNDLE_IDENTIFIER = fi.metropolia.enarm.geoTwitterTests;
				PRODUCT_NAME = "$(TARGET_NAME)";
				SWIFT_VERSION = 5.0;
				TARGETED_DEVICE_FAMILY = "1,2";
				TEST_HOST = "$(BUILT_PRODUCTS_DIR)/geoTwitter.app/geoTwitter";
			};
			name = Debug;
		};
		6A3EC22F243C656900D82314 /* Release */ = {
			isa = XCBuildConfiguration;
			buildSettings = {
				ALWAYS_EMBED_SWIFT_STANDARD_LIBRARIES = YES;
				BUNDLE_LOADER = "$(TEST_HOST)";
				CODE_SIGN_STYLE = Automatic;
				INFOPLIST_FILE = geoTwitterTests/Info.plist;
				IPHONEOS_DEPLOYMENT_TARGET = 13.2;
				LD_RUNPATH_SEARCH_PATHS = (
					"$(inherited)",
					"@executable_path/Frameworks",
					"@loader_path/Frameworks",
				);
				PRODUCT_BUNDLE_IDENTIFIER = fi.metropolia.enarm.geoTwitterTests;
				PRODUCT_NAME = "$(TARGET_NAME)";
				SWIFT_VERSION = 5.0;
				TARGETED_DEVICE_FAMILY = "1,2";
				TEST_HOST = "$(BUILT_PRODUCTS_DIR)/geoTwitter.app/geoTwitter";
			};
			name = Release;
		};
		6A3EC231243C656900D82314 /* Debug */ = {
			isa = XCBuildConfiguration;
			buildSettings = {
				ALWAYS_EMBED_SWIFT_STANDARD_LIBRARIES = YES;
				CODE_SIGN_STYLE = Automatic;
				INFOPLIST_FILE = geoTwitterUITests/Info.plist;
				LD_RUNPATH_SEARCH_PATHS = (
					"$(inherited)",
					"@executable_path/Frameworks",
					"@loader_path/Frameworks",
				);
				PRODUCT_BUNDLE_IDENTIFIER = fi.metropolia.enarm.geoTwitterUITests;
				PRODUCT_NAME = "$(TARGET_NAME)";
				SWIFT_VERSION = 5.0;
				TARGETED_DEVICE_FAMILY = "1,2";
				TEST_TARGET_NAME = geoTwitter;
			};
			name = Debug;
		};
		6A3EC232243C656900D82314 /* Release */ = {
			isa = XCBuildConfiguration;
			buildSettings = {
				ALWAYS_EMBED_SWIFT_STANDARD_LIBRARIES = YES;
				CODE_SIGN_STYLE = Automatic;
				INFOPLIST_FILE = geoTwitterUITests/Info.plist;
				LD_RUNPATH_SEARCH_PATHS = (
					"$(inherited)",
					"@executable_path/Frameworks",
					"@loader_path/Frameworks",
				);
				PRODUCT_BUNDLE_IDENTIFIER = fi.metropolia.enarm.geoTwitterUITests;
				PRODUCT_NAME = "$(TARGET_NAME)";
				SWIFT_VERSION = 5.0;
				TARGETED_DEVICE_FAMILY = "1,2";
				TEST_TARGET_NAME = geoTwitter;
			};
			name = Release;
		};
/* End XCBuildConfiguration section */

/* Begin XCConfigurationList section */
		6A3EC1F8243C656700D82314 /* Build configuration list for PBXProject "geoTwitter" */ = {
			isa = XCConfigurationList;
			buildConfigurations = (
				6A3EC228243C656900D82314 /* Debug */,
				6A3EC229243C656900D82314 /* Release */,
			);
			defaultConfigurationIsVisible = 0;
			defaultConfigurationName = Release;
		};
		6A3EC22A243C656900D82314 /* Build configuration list for PBXNativeTarget "geoTwitter" */ = {
			isa = XCConfigurationList;
			buildConfigurations = (
				6A3EC22B243C656900D82314 /* Debug */,
				6A3EC22C243C656900D82314 /* Release */,
			);
			defaultConfigurationIsVisible = 0;
			defaultConfigurationName = Release;
		};
		6A3EC22D243C656900D82314 /* Build configuration list for PBXNativeTarget "geoTwitterTests" */ = {
			isa = XCConfigurationList;
			buildConfigurations = (
				6A3EC22E243C656900D82314 /* Debug */,
				6A3EC22F243C656900D82314 /* Release */,
			);
			defaultConfigurationIsVisible = 0;
			defaultConfigurationName = Release;
		};
		6A3EC230243C656900D82314 /* Build configuration list for PBXNativeTarget "geoTwitterUITests" */ = {
			isa = XCConfigurationList;
			buildConfigurations = (
				6A3EC231243C656900D82314 /* Debug */,
				6A3EC232243C656900D82314 /* Release */,
			);
			defaultConfigurationIsVisible = 0;
			defaultConfigurationName = Release;
		};
/* End XCConfigurationList section */

/* Begin XCVersionGroup section */
		6A3EC209243C656700D82314 /* geoTwitter.xcdatamodeld */ = {
			isa = XCVersionGroup;
			children = (
				6A3EC20A243C656700D82314 /* geoTwitter.xcdatamodel */,
			);
			currentVersion = 6A3EC20A243C656700D82314 /* geoTwitter.xcdatamodel */;
			path = geoTwitter.xcdatamodeld;
			sourceTree = "<group>";
			versionGroupType = wrapper.xcdatamodel;
		};
/* End XCVersionGroup section */
	};
	rootObject = 6A3EC1F5243C656700D82314 /* Project object */;
}
